{
  "name": "nomsentry",
  "version": "0.3.0",
  "lockfileVersion": 3,
  "requires": true,
  "packages": {
    "": {
      "name": "nomsentry",
      "version": "0.3.0",
      "license": "MIT",
      "dependencies": {
        "@2toad/profanity": "^3.2.0",
        "cuss": "^2.2.0",
        "obscenity": "^0.4.6",
        "slugify": "^1.6.6"
      },
      "bin": {
        "nomsentry": "bin/nomsentry.js"
      }
    },
    "node_modules/@2toad/profanity": {
      "version": "3.2.0",
      "resolved": "https://registry.npmjs.org/@2toad/profanity/-/profanity-3.2.0.tgz",
      "integrity": "sha512-1wF0F9SXBS8zsn74ZyDKhClSH+5Tupycq2F1x34+/1YKhrq49ejs+imH8/YIS/JwXoj2oUY+KTpoyOxJeNA2mQ==",
      "license": "MIT",
      "engines": {
        "node": ">=12"
      }
    },
    "node_modules/cuss": {
      "version": "2.2.0",
      "resolved": "https://registry.npmjs.org/cuss/-/cuss-2.2.0.tgz",
      "integrity": "sha512-3hlHOhMiZ6YdHY5LPUhfxlx1Pj14eGttv2l9ADB1Lkv7e/us5XD798wrVLJ9DHmDO8SzCDuA+ItByFZ3M1dIYg==",
      "license": "MIT",
      "funding": {
        "type": "github",
        "url": "https://github.com/sponsors/wooorm"
      }
    },
    "node_modules/obscenity": {
      "version": "0.4.6",
      "resolved": "https://registry.npmjs.org/obscenity/-/obscenity-0.4.6.tgz",
      "integrity": "sha512-pHk7kNN7j3L3zGhhGnwxjvXIGsPpLrcZl2r58fqWh/V/rH6b/dafscj2sMmAY+A/9/wPsocLmimgGk2DKeKsFQ==",
      "license": "MIT",
      "engines": {
        "node": ">=18.0.0"
      }
    },
    "node_modules/slugify": {
      "version": "1.6.6",
      "resolved": "https://registry.npmjs.org/slugify/-/slugify-1.6.6.tgz",
      "integrity": "sha512-h+z7HKHYXj6wJU+AnS/+IH8Uh9fdcX1Lrhg1/VMdf9PwoBQXFcXiAdsy2tSK0P6gKwJLXp02r90ahUCqHk9rrw==",
      "license": "MIT",
      "engines": {
        "node": ">=8.0.0"
      }
    }
  }
}
